
Microsoft Visual Studio Solution File, Format Version 12.00
# Visual Studio Version 17
VisualStudioVersion = 17.8.34511.84
MinimumVisualStudioVersion = 10.0.40219.1
Project("{FAE04EC0-301F-11D3-BF4B-00C04F79EFBC}") = "mqtt.Android", "mqtt\mqtt.Android\mqtt.Android.csproj", "{CA00A295-E871-4CF4-8A99-7E7B30E167B9}"
EndProject
Project("{FAE04EC0-301F-11D3-BF4B-00C04F79EFBC}") = "mqtt.iOS", "mqtt\mqtt.iOS\mqtt.iOS.csproj", "{87DA31CE-EC22-4BA4-A382-3B670402D30C}"
EndProject
Project("{FAE04EC0-301F-11D3-BF4B-00C04F79EFBC}") = "mqtt", "mqtt\mqtt\mqtt.csproj", "{42213262-77AA-4A59-AEF8-F473BC90D4EA}"
EndProject
Global
	GlobalSection(SolutionConfigurationPlatforms) = preSolution
		Debug|Any CPU = Debug|Any CPU
		Debug|iPhone = Debug|iPhone
		Debug|iPhoneSimulator = Debug|iPhoneSimulator
		Release|Any CPU = Release|Any CPU
		Release|iPhone = Release|iPhone
		Release|iPhoneSimulator = Release|iPhoneSimulator
	EndGlobalSection
	GlobalSection(ProjectConfigurationPlatforms) = postSolution
		{CA00A295-E871-4CF4-8A99-7E7B30E167B9}.Debug|Any CPU.ActiveCfg = Debug|Any CPU
		{CA00A295-E871-4CF4-8A99-7E7B30E167B9}.Debug|Any CPU.Build.0 = Debug|Any CPU
		{CA00A295-E871-4CF4-8A99-7E7B30E167B9}.Debug|Any CPU.Deploy.0 = Debug|Any CPU
		{CA00A295-E871-4CF4-8A99-7E7B30E167B9}.Debug|iPhone.ActiveCfg = Debug|Any CPU
		{CA00A295-E871-4CF4-8A99-7E7B30E167B9}.Debug|iPhone.Build.0 = Debug|Any CPU
		{CA00A295-E871-4CF4-8A99-7E7B30E167B9}.Debug|iPhone.Deploy.0 = Debug|Any CPU
		{CA00A295-E871-4CF4-8A99-7E7B30E167B9}.Debug|iPhoneSimulator.ActiveCfg = Debug|Any CPU
		{CA00A295-E871-4CF4-8A99-7E7B30E167B9}.Debug|iPhoneSimulator.Build.0 = Debug|Any CPU
		{CA00A295-E871-4CF4-8A99-7E7B30E167B9}.Debug|iPhoneSimulator.Deploy.0 = Debug|Any CPU
		{CA00A295-E871-4CF4-8A99-7E7B30E167B9}.Release|Any CPU.ActiveCfg = Release|Any CPU
		{CA00A295-E871-4CF4-8A99-7E7B30E167B9}.Release|Any CPU.Build.0 = Release|Any CPU
		{CA00A295-E871-4CF4-8A99-7E7B30E167B9}.Release|Any CPU.Deploy.0 = Release|Any CPU
		{CA00A295-E871-4CF4-8A99-7E7B30E167B9}.Release|iPhone.ActiveCfg = Release|Any CPU
		{CA00A295-E871-4CF4-8A99-7E7B30E167B9}.Release|iPhone.Build.0 = Release|Any CPU
		{CA00A295-E871-4CF4-8A99-7E7B30E167B9}.Release|iPhone.Deploy.0 = Release|Any CPU
		{CA00A295-E871-4CF4-8A99-7E7B30E167B9}.Release|iPhoneSimulator.ActiveCfg = Release|Any CPU
		{CA00A295-E871-4CF4-8A99-7E7B30E167B9}.Release|iPhoneSimulator.Build.0 = Release|Any CPU
		{CA00A295-E871-4CF4-8A99-7E7B30E167B9}.Release|iPhoneSimulator.Deploy.0 = Release|Any CPU
		{87DA31CE-EC22-4BA4-A382-3B670402D30C}.Debug|Any CPU.ActiveCfg = Debug|iPhone
		{87DA31CE-EC22-4BA4-A382-3B670402D30C}.Debug|Any CPU.Build.0 = Debug|iPhone
		{87DA31CE-EC22-4BA4-A382-3B670402D30C}.Debug|Any CPU.Deploy.0 = Debug|iPhone
		{87DA31CE-EC22-4BA4-A382-3B670402D30C}.Debug|iPhone.ActiveCfg = Debug|iPhone
		{87DA31CE-EC22-4BA4-A382-3B670402D30C}.Debug|iPhone.Build.0 = Debug|iPhone
		{87DA31CE-EC22-4BA4-A382-3B670402D30C}.Debug|iPhone.Deploy.0 = Debug|iPhone
		{87DA31CE-EC22-4BA4-A382-3B670402D30C}.Debug|iPhoneSimulator.ActiveCfg = Debug|iPhoneSimulator
		{87DA31CE-EC22-4BA4-A382-3B670402D30C}.Debug|iPhoneSimulator.Build.0 = Debug|iPhoneSimulator
		{87DA31CE-EC22-4BA4-A382-3B670402D30C}.Debug|iPhoneSimulator.Deploy.0 = Debug|iPhoneSimulator
		{87DA31CE-EC22-4BA4-A382-3B670402D30C}.Release|Any CPU.ActiveCfg = Release|iPhoneSimulator
		{87DA31CE-EC22-4BA4-A382-3B670402D30C}.Release|Any CPU.Build.0 = Release|iPhoneSimulator
		{87DA31CE-EC22-4BA4-A382-3B670402D30C}.Release|Any CPU.Deploy.0 = Release|iPhoneSimulator
		{87DA31CE-EC22-4BA4-A382-3B670402D30C}.Release|iPhone.ActiveCfg = Release|iPhone
		{87DA31CE-EC22-4BA4-A382-3B670402D30C}.Release|iPhone.Build.0 = Release|iPhone
		{87DA31CE-EC22-4BA4-A382-3B670402D30C}.Release|iPhone.Deploy.0 = Release|iPhone
		{87DA31CE-EC22-4BA4-A382-3B670402D30C}.Release|iPhoneSimulator.ActiveCfg = Release|iPhoneSimulator
		{87DA31CE-EC22-4BA4-A382-3B670402D30C}.Release|iPhoneSimulator.Build.0 = Release|iPhoneSimulator
		{87DA31CE-EC22-4BA4-A382-3B670402D30C}.Release|iPhoneSimulator.Deploy.0 = Release|iPhoneSimulator
		{42213262-77AA-4A59-AEF8-F473BC90D4EA}.Debug|Any CPU.ActiveCfg = Debug|Any CPU
		{42213262-77AA-4A59-AEF8-F473BC90D4EA}.Debug|Any CPU.Build.0 = Debug|Any CPU
		{42213262-77AA-4A59-AEF8-F473BC90D4EA}.Debug|Any CPU.Deploy.0 = Debug|Any CPU
		{42213262-77AA-4A59-AEF8-F473BC90D4EA}.Debug|iPhone.ActiveCfg = Debug|Any CPU
		{42213262-77AA-4A59-AEF8-F473BC90D4EA}.Debug|iPhone.Build.0 = Debug|Any CPU
		{42213262-77AA-4A59-AEF8-F473BC90D4EA}.Debug|iPhone.Deploy.0 = Debug|Any CPU
		{42213262-77AA-4A59-AEF8-F473BC90D4EA}.Debug|iPhoneSimulator.ActiveCfg = Debug|Any CPU
		{42213262-77AA-4A59-AEF8-F473BC90D4EA}.Debug|iPhoneSimulator.Build.0 = Debug|Any CPU
		{42213262-77AA-4A59-AEF8-F473BC90D4EA}.Debug|iPhoneSimulator.Deploy.0 = Debug|Any CPU
		{42213262-77AA-4A59-AEF8-F473BC90D4EA}.Release|Any CPU.ActiveCfg = Release|Any CPU
		{42213262-77AA-4A59-AEF8-F473BC90D4EA}.Release|Any CPU.Build.0 = Release|Any CPU
		{42213262-77AA-4A59-AEF8-F473BC90D4EA}.Release|Any CPU.Deploy.0 = Release|Any CPU
		{42213262-77AA-4A59-AEF8-F473BC90D4EA}.Release|iPhone.ActiveCfg = Release|Any CPU
		{42213262-77AA-4A59-AEF8-F473BC90D4EA}.Release|iPhone.Build.0 = Release|Any CPU
		{42213262-77AA-4A59-AEF8-F473BC90D4EA}.Release|iPhone.Deploy.0 = Release|Any CPU
		{42213262-77AA-4A59-AEF8-F473BC90D4EA}.Release|iPhoneSimulator.ActiveCfg = Release|Any CPU
		{42213262-77AA-4A59-AEF8-F473BC90D4EA}.Release|iPhoneSimulator.Build.0 = Release|Any CPU
		{42213262-77AA-4A59-AEF8-F473BC90D4EA}.Release|iPhoneSimulator.Deploy.0 = Release|Any CPU
	EndGlobalSection
	GlobalSection(SolutionProperties) = preSolution
		HideSolutionNode = FALSE
	EndGlobalSection
	GlobalSection(ExtensibilityGlobals) = postSolution
		SolutionGuid = {CB7453A7-81AA-414E-AAB2-6445257C7158}
	EndGlobalSection
EndGlobal
